
Microsoft Visual Studio Solution File, Format Version 12.00
# Visual Studio Version 16
VisualStudioVersion = 16.0.31515.178
MinimumVisualStudioVersion = 10.0.40219.1
Project("{8BC9CEB8-8B4A-11D0-8D11-00A0C91BC942}") = "Ex8To4", "Ex8To4\Ex8To4.vcxproj", "{6C2515A5-2567-44B5-B1EF-14AC83FEE338}"
EndProject
Global
	GlobalSection(SolutionConfigurationPlatforms) = preSolution
		Debug|x64 = Debug|x64
		Debug|x86 = Debug|x86
		Release|x64 = Release|x64
		Release|x86 = Release|x86
	EndGlobalSection
	GlobalSection(ProjectConfigurationPlatforms) = postSolution
		{6C2515A5-2567-44B5-B1EF-14AC83FEE338}.Debug|x64.ActiveCfg = Debug|x64
		{6C2515A5-2567-44B5-B1EF-14AC83FEE338}.Debug|x64.Build.0 = Debug|x64
		{6C2515A5-2567-44B5-B1EF-14AC83FEE338}.Debug|x86.ActiveCfg = Debug|Win32
		{6C2515A5-2567-44B5-B1EF-14AC83FEE338}.Debug|x86.Build.0 = Debug|Win32
		{6C2515A5-2567-44B5-B1EF-14AC83FEE338}.Release|x64.ActiveCfg = Release|x64
		{6C2515A5-2567-44B5-B1EF-14AC83FEE338}.Release|x64.Build.0 = Release|x64
		{6C2515A5-2567-44B5-B1EF-14AC83FEE338}.Release|x86.ActiveCfg = Release|Win32
		{6C2515A5-2567-44B5-B1EF-14AC83FEE338}.Release|x86.Build.0 = Release|Win32
	EndGlobalSection
	GlobalSection(SolutionProperties) = preSolution
		HideSolutionNode = FALSE
	EndGlobalSection
	GlobalSection(ExtensibilityGlobals) = postSolution
		SolutionGuid = {09D366A2-4C33-499F-9DF6-7DE5B8F1DB19}
	EndGlobalSection
EndGlobal
