
Microsoft Visual Studio Solution File, Format Version 12.00
# Visual Studio Version 16
VisualStudioVersion = 16.0.31702.278
MinimumVisualStudioVersion = 10.0.40219.1
Project("{8BC9CEB8-8B4A-11D0-8D11-00A0C91BC942}") = "Brush", "Brush.vcxproj", "{5DCEFA86-93D1-454B-B128-D9364DB7AA77}"
EndProject
Global
	GlobalSection(SolutionConfigurationPlatforms) = preSolution
		Debug|x64 = Debug|x64
		Debug|x86 = Debug|x86
		Release|x64 = Release|x64
		Release|x86 = Release|x86
	EndGlobalSection
	GlobalSection(ProjectConfigurationPlatforms) = postSolution
		{5DCEFA86-93D1-454B-B128-D9364DB7AA77}.Debug|x64.ActiveCfg = Debug|x64
		{5DCEFA86-93D1-454B-B128-D9364DB7AA77}.Debug|x64.Build.0 = Debug|x64
		{5DCEFA86-93D1-454B-B128-D9364DB7AA77}.Debug|x86.ActiveCfg = Debug|Win32
		{5DCEFA86-93D1-454B-B128-D9364DB7AA77}.Debug|x86.Build.0 = Debug|Win32
		{5DCEFA86-93D1-454B-B128-D9364DB7AA77}.Release|x64.ActiveCfg = Release|x64
		{5DCEFA86-93D1-454B-B128-D9364DB7AA77}.Release|x64.Build.0 = Release|x64
		{5DCEFA86-93D1-454B-B128-D9364DB7AA77}.Release|x86.ActiveCfg = Release|Win32
		{5DCEFA86-93D1-454B-B128-D9364DB7AA77}.Release|x86.Build.0 = Release|Win32
	EndGlobalSection
	GlobalSection(SolutionProperties) = preSolution
		HideSolutionNode = FALSE
	EndGlobalSection
	GlobalSection(ExtensibilityGlobals) = postSolution
		SolutionGuid = {8EFD60F8-1BF1-43B3-862B-08A079FB677C}
	EndGlobalSection
EndGlobal
