
Microsoft Visual Studio Solution File, Format Version 12.00
# Visual Studio Version 16
VisualStudioVersion = 16.0.31702.278
MinimumVisualStudioVersion = 10.0.40219.1
Project("{8BC9CEB8-8B4A-11D0-8D11-00A0C91BC942}") = "Tools6", "Tools6.vcxproj", "{5C836A68-ECD8-4F71-981E-FB33DE2B2BD6}"
EndProject
Global
	GlobalSection(SolutionConfigurationPlatforms) = preSolution
		Debug|x64 = Debug|x64
		Debug|x86 = Debug|x86
		Release|x64 = Release|x64
		Release|x86 = Release|x86
	EndGlobalSection
	GlobalSection(ProjectConfigurationPlatforms) = postSolution
		{5C836A68-ECD8-4F71-981E-FB33DE2B2BD6}.Debug|x64.ActiveCfg = Debug|x64
		{5C836A68-ECD8-4F71-981E-FB33DE2B2BD6}.Debug|x64.Build.0 = Debug|x64
		{5C836A68-ECD8-4F71-981E-FB33DE2B2BD6}.Debug|x86.ActiveCfg = Debug|Win32
		{5C836A68-ECD8-4F71-981E-FB33DE2B2BD6}.Debug|x86.Build.0 = Debug|Win32
		{5C836A68-ECD8-4F71-981E-FB33DE2B2BD6}.Release|x64.ActiveCfg = Release|x64
		{5C836A68-ECD8-4F71-981E-FB33DE2B2BD6}.Release|x64.Build.0 = Release|x64
		{5C836A68-ECD8-4F71-981E-FB33DE2B2BD6}.Release|x86.ActiveCfg = Release|Win32
		{5C836A68-ECD8-4F71-981E-FB33DE2B2BD6}.Release|x86.Build.0 = Release|Win32
	EndGlobalSection
	GlobalSection(SolutionProperties) = preSolution
		HideSolutionNode = FALSE
	EndGlobalSection
	GlobalSection(ExtensibilityGlobals) = postSolution
		SolutionGuid = {4FBEC5D9-1227-4E0D-83C8-C988CB8457CD}
	EndGlobalSection
EndGlobal
